
Microsoft Visual Studio Solution File, Format Version 12.00
# Visual Studio Version 16
VisualStudioVersion = 16.0.34931.43
MinimumVisualStudioVersion = 10.0.40219.1
Project("{FAE04EC0-301F-11D3-BF4B-00C04F79EFBC}") = "Solution", "Solution\Solution.csproj", "{8BA59CB8-3C62-4769-9053-50A99F943C24}"
EndProject
Global
	GlobalSection(SolutionConfigurationPlatforms) = preSolution
		Debug|Any CPU = Debug|Any CPU
		Release|Any CPU = Release|Any CPU
	EndGlobalSection
	GlobalSection(ProjectConfigurationPlatforms) = postSolution
		{8BA59CB8-3C62-4769-9053-50A99F943C24}.Debug|Any CPU.ActiveCfg = Debug|Any CPU
		{8BA59CB8-3C62-4769-9053-50A99F943C24}.Debug|Any CPU.Build.0 = Debug|Any CPU
		{8BA59CB8-3C62-4769-9053-50A99F943C24}.Release|Any CPU.ActiveCfg = Release|Any CPU
		{8BA59CB8-3C62-4769-9053-50A99F943C24}.Release|Any CPU.Build.0 = Release|Any CPU
	EndGlobalSection
	GlobalSection(SolutionProperties) = preSolution
		HideSolutionNode = FALSE
	EndGlobalSection
	GlobalSection(ExtensibilityGlobals) = postSolution
		SolutionGuid = {19297268-3B33-4F59-9345-3701662280A1}
	EndGlobalSection
EndGlobal
