
Microsoft Visual Studio Solution File, Format Version 12.00
# Visual Studio Version 16
VisualStudioVersion = 16.0.34902.97
MinimumVisualStudioVersion = 10.0.40219.1
Project("{FAE04EC0-301F-11D3-BF4B-00C04F79EFBC}") = "MyConsoleApp", "MyConsoleApp\MyConsoleApp.csproj", "{11B801BE-AC49-4466-A701-E65184385E2A}"
EndProject
Global
	GlobalSection(SolutionConfigurationPlatforms) = preSolution
		Debug|Any CPU = Debug|Any CPU
		Release|Any CPU = Release|Any CPU
	EndGlobalSection
	GlobalSection(ProjectConfigurationPlatforms) = postSolution
		{11B801BE-AC49-4466-A701-E65184385E2A}.Debug|Any CPU.ActiveCfg = Debug|Any CPU
		{11B801BE-AC49-4466-A701-E65184385E2A}.Debug|Any CPU.Build.0 = Debug|Any CPU
		{11B801BE-AC49-4466-A701-E65184385E2A}.Release|Any CPU.ActiveCfg = Release|Any CPU
		{11B801BE-AC49-4466-A701-E65184385E2A}.Release|Any CPU.Build.0 = Release|Any CPU
	EndGlobalSection
	GlobalSection(SolutionProperties) = preSolution
		HideSolutionNode = FALSE
	EndGlobalSection
	GlobalSection(ExtensibilityGlobals) = postSolution
		SolutionGuid = {E514DA34-7B43-4F9C-B580-E9482D3A2CD5}
	EndGlobalSection
EndGlobal
