
Microsoft Visual Studio Solution File, Format Version 12.00
# Visual Studio Version 16
VisualStudioVersion = 16.0.34931.43
MinimumVisualStudioVersion = 10.0.40219.1
Project("{FAE04EC0-301F-11D3-BF4B-00C04F79EFBC}") = "TravelConcessionLib", "TravelConcessionLib\TravelConcessionLib.csproj", "{2007D948-C011-4D40-8537-2F9BC98BC48C}"
EndProject
Global
	GlobalSection(SolutionConfigurationPlatforms) = preSolution
		Debug|Any CPU = Debug|Any CPU
		Release|Any CPU = Release|Any CPU
	EndGlobalSection
	GlobalSection(ProjectConfigurationPlatforms) = postSolution
		{2007D948-C011-4D40-8537-2F9BC98BC48C}.Debug|Any CPU.ActiveCfg = Debug|Any CPU
		{2007D948-C011-4D40-8537-2F9BC98BC48C}.Debug|Any CPU.Build.0 = Debug|Any CPU
		{2007D948-C011-4D40-8537-2F9BC98BC48C}.Release|Any CPU.ActiveCfg = Release|Any CPU
		{2007D948-C011-4D40-8537-2F9BC98BC48C}.Release|Any CPU.Build.0 = Release|Any CPU
	EndGlobalSection
	GlobalSection(SolutionProperties) = preSolution
		HideSolutionNode = FALSE
	EndGlobalSection
	GlobalSection(ExtensibilityGlobals) = postSolution
		SolutionGuid = {5FF2C336-F9D5-4367-8B7F-2A10E376B59D}
	EndGlobalSection
EndGlobal
