
Microsoft Visual Studio Solution File, Format Version 12.00
# Visual Studio Version 16
VisualStudioVersion = 16.0.34931.43
MinimumVisualStudioVersion = 10.0.40219.1
Project("{FAE04EC0-301F-11D3-BF4B-00C04F79EFBC}") = "Test", "Test\Test.csproj", "{63A78769-0474-460E-B303-69F0D918C6CD}"
EndProject
Global
	GlobalSection(SolutionConfigurationPlatforms) = preSolution
		Debug|Any CPU = Debug|Any CPU
		Release|Any CPU = Release|Any CPU
	EndGlobalSection
	GlobalSection(ProjectConfigurationPlatforms) = postSolution
		{63A78769-0474-460E-B303-69F0D918C6CD}.Debug|Any CPU.ActiveCfg = Debug|Any CPU
		{63A78769-0474-460E-B303-69F0D918C6CD}.Debug|Any CPU.Build.0 = Debug|Any CPU
		{63A78769-0474-460E-B303-69F0D918C6CD}.Release|Any CPU.ActiveCfg = Release|Any CPU
		{63A78769-0474-460E-B303-69F0D918C6CD}.Release|Any CPU.Build.0 = Release|Any CPU
	EndGlobalSection
	GlobalSection(SolutionProperties) = preSolution
		HideSolutionNode = FALSE
	EndGlobalSection
	GlobalSection(ExtensibilityGlobals) = postSolution
		SolutionGuid = {0FD1CEC3-B211-4CCF-AF6D-94B9FAC95DC5}
	EndGlobalSection
EndGlobal
